
Microsoft Visual Studio Solution File, Format Version 12.00
# Visual Studio Version 17
VisualStudioVersion = 17.7.34031.279
MinimumVisualStudioVersion = 10.0.40219.1
Project("{FAE04EC0-301F-11D3-BF4B-00C04F79EFBC}") = "Excel.Importer", "Excel.Importer\Excel.Importer.csproj", "{9DD7517E-E259-4CAC-93AE-B658AADADFA7}"
EndProject
Global
	GlobalSection(SolutionConfigurationPlatforms) = preSolution
		Debug|Any CPU = Debug|Any CPU
		Release|Any CPU = Release|Any CPU
	EndGlobalSection
	GlobalSection(ProjectConfigurationPlatforms) = postSolution
		{9DD7517E-E259-4CAC-93AE-B658AADADFA7}.Debug|Any CPU.ActiveCfg = Debug|Any CPU
		{9DD7517E-E259-4CAC-93AE-B658AADADFA7}.Debug|Any CPU.Build.0 = Debug|Any CPU
		{9DD7517E-E259-4CAC-93AE-B658AADADFA7}.Release|Any CPU.ActiveCfg = Release|Any CPU
		{9DD7517E-E259-4CAC-93AE-B658AADADFA7}.Release|Any CPU.Build.0 = Release|Any CPU
	EndGlobalSection
	GlobalSection(SolutionProperties) = preSolution
		HideSolutionNode = FALSE
	EndGlobalSection
	GlobalSection(ExtensibilityGlobals) = postSolution
		SolutionGuid = {6770C2D6-56C8-4D6D-963B-4BAE60E1B8A5}
	EndGlobalSection
EndGlobal
